github.com/conduitio/yaml/v3 v3.3.0 h1:kbbaOSHcuH39gP4+rgbJGl6DSbLZcJgEaBvkEXJlCsI=
github.com/conduitio/yaml/v3 v3.3.0/go.mod h1:JNgFMOX1t8W4YJuRZOh6GggVtSMsgP9XgTw+7dIenpc=
gopkg.in/check.v1 v0.0.0-20161208181325-20d25e280405 h1:yhCVgyC4o1eVCa2tZl7eS0r+SDo693bJlVdllGtEeKM=
gopkg.in/check.v1 v0.0.0-20161208181325-20d25e280405/go.mod h1:Co6ibVJAznAaIkqp8huTwlJQCZ016jof/cbN4VW5Yz0=
